{
  "nodes": {
    "fenix": {
      "inputs": {
        "nixpkgs": [
          "nixpkgs"
        ],
        "rust-analyzer-src": "rust-analyzer-src"
      },
      "locked": {
        "lastModified": 1709792596,
        "narHash": "sha256-DQL1KJ9AaoQjwMkZkSBrW9/az2dwbbBnhNIbIzgeDIE=",
        "owner": "nix-community",
        "repo": "fenix",
        "rev": "221fedb628b1e86e88d8fbfbd20b699448e58fa9",
        "type": "github"
      },
      "original": {
        "owner": "nix-community",
        "repo": "fenix",
        "type": "github"
      }
    },
    "nixpkgs": {
      "locked": {
        "lastModified": 1709703039,
        "narHash": "sha256-6hqgQ8OK6gsMu1VtcGKBxKQInRLHtzulDo9Z5jxHEFY=",
        "owner": "NixOS",
        "repo": "nixpkgs",
        "rev": "9df3e30ce24fd28c7b3e2de0d986769db5d6225d",
        "type": "github"
      },
      "original": {
        "id": "nixpkgs",
        "ref": "nixos-unstable",
        "type": "indirect"
      }
    },
    "root": {
      "inputs": {
        "fenix": "fenix",
        "nixpkgs": "nixpkgs"
      }
    },
    "rust-analyzer-src": {
      "flake": false,
      "locked": {
        "lastModified": 1709749600,
        "narHash": "sha256-jLGAyPPi4PVo/9y6ayWgdAtzPotFWvNTCxrDzxO+Uj0=",
        "owner": "rust-lang",
        "repo": "rust-analyzer",
        "rev": "ce15e73a8ece3cf9e7958bbad3aedb03daa10135",
        "type": "github"
      },
      "original": {
        "owner": "rust-lang",
        "ref": "nightly",
        "repo": "rust-analyzer",
        "type": "github"
      }
    }
  },
  "root": "root",
  "version": 7
}
